
Microsoft Visual Studio Solution File, Format Version 12.00
# Visual Studio 2013
VisualStudioVersion = 12.0.31101.0
MinimumVisualStudioVersion = 10.0.40219.1
Project("{8BC9CEB8-8B4A-11D0-8D11-00A0C91BC942}") = "thomasfermi", "thomasfermi.vcxproj", "{7DD312C7-9D97-45D5-AC97-ACD4EBC282AE}"
	ProjectSection(ProjectDependencies) = postProject
		{A4F6804C-1EF4-4D95-A44C-8AE1C2C0D274} = {A4F6804C-1EF4-4D95-A44C-8AE1C2C0D274}
		{A02303AC-FAEE-4716-B496-8412E467DD66} = {A02303AC-FAEE-4716-B496-8412E467DD66}
	EndProjectSection
EndProject
Project("{8BC9CEB8-8B4A-11D0-8D11-00A0C91BC942}") = "alglib", "..\alglib\alglib.vcxproj", "{A4F6804C-1EF4-4D95-A44C-8AE1C2C0D274}"
EndProject
Project("{8BC9CEB8-8B4A-11D0-8D11-00A0C91BC942}") = "checkpoint", "..\checkpoint\checkpoint.vcxproj", "{A02303AC-FAEE-4716-B496-8412E467DD66}"
EndProject
Global
	GlobalSection(SolutionConfigurationPlatforms) = preSolution
		Debug|Win32 = Debug|Win32
		Release|Win32 = Release|Win32
	EndGlobalSection
	GlobalSection(ProjectConfigurationPlatforms) = postSolution
		{7DD312C7-9D97-45D5-AC97-ACD4EBC282AE}.Debug|Win32.ActiveCfg = Debug|Win32
		{7DD312C7-9D97-45D5-AC97-ACD4EBC282AE}.Debug|Win32.Build.0 = Debug|Win32
		{7DD312C7-9D97-45D5-AC97-ACD4EBC282AE}.Release|Win32.ActiveCfg = Release|Win32
		{7DD312C7-9D97-45D5-AC97-ACD4EBC282AE}.Release|Win32.Build.0 = Release|Win32
		{A4F6804C-1EF4-4D95-A44C-8AE1C2C0D274}.Debug|Win32.ActiveCfg = Debug|Win32
		{A4F6804C-1EF4-4D95-A44C-8AE1C2C0D274}.Debug|Win32.Build.0 = Debug|Win32
		{A4F6804C-1EF4-4D95-A44C-8AE1C2C0D274}.Release|Win32.ActiveCfg = Release|Win32
		{A4F6804C-1EF4-4D95-A44C-8AE1C2C0D274}.Release|Win32.Build.0 = Release|Win32
		{A02303AC-FAEE-4716-B496-8412E467DD66}.Debug|Win32.ActiveCfg = Debug|Win32
		{A02303AC-FAEE-4716-B496-8412E467DD66}.Debug|Win32.Build.0 = Debug|Win32
		{A02303AC-FAEE-4716-B496-8412E467DD66}.Release|Win32.ActiveCfg = Release|Win32
		{A02303AC-FAEE-4716-B496-8412E467DD66}.Release|Win32.Build.0 = Release|Win32
	EndGlobalSection
	GlobalSection(SolutionProperties) = preSolution
		HideSolutionNode = FALSE
	EndGlobalSection
EndGlobal
