<?xml version="1.0" encoding="utf-8"?>
<Project ToolsVersion="4.0" xmlns="http://schemas.microsoft.com/developer/msbuild/2003">
  <ItemGroup>
    <Filter Include="ソース ファイル">
      <UniqueIdentifier>{4FC737F1-C7A5-4376-A066-2A32D752A2FF}</UniqueIdentifier>
      <Extensions>cpp;c;cc;cxx;def;odl;idl;hpj;bat;asm;asmx</Extensions>
    </Filter>
    <Filter Include="ヘッダー ファイル">
      <UniqueIdentifier>{93995380-89BD-4b04-88EB-625FBE52EBFB}</UniqueIdentifier>
      <Extensions>h;hh;hpp;hxx;hm;inl;inc;xsd</Extensions>
    </Filter>
    <Filter Include="リソース ファイル">
      <UniqueIdentifier>{67DA6AB6-F800-4c08-8B7A-83BB121AAD01}</UniqueIdentifier>
      <Extensions>rc;ico;cur;bmp;dlg;rc2;rct;bin;rgs;gif;jpg;jpeg;jpe;resx;tiff;tif;png;wav;mfcribbon-ms</Extensions>
    </Filter>
    <Filter Include="ヘッダー ファイル\MakeRhoEn">
      <UniqueIdentifier>{67fcfe62-472e-4236-abb7-92c89941a663}</UniqueIdentifier>
    </Filter>
    <Filter Include="ソース ファイル\MakeRhoEn">
      <UniqueIdentifier>{3ee89725-eb63-4910-9fb8-99894e513bcb}</UniqueIdentifier>
    </Filter>
    <Filter Include="ソース ファイル\shoot">
      <UniqueIdentifier>{32bf1bd2-8475-464f-8e3e-e1b48aaaf4e8}</UniqueIdentifier>
    </Filter>
    <Filter Include="ヘッダー ファイル\shoot">
      <UniqueIdentifier>{be582795-cd40-4cd4-8862-f00a9fb5b304}</UniqueIdentifier>
    </Filter>
  </ItemGroup>
  <ItemGroup>
    <ClCompile Include="Beta.cpp">
      <Filter>ソース ファイル</Filter>
    </ClCompile>
    <ClCompile Include="FEM.cpp">
      <Filter>ソース ファイル</Filter>
    </ClCompile>
    <ClCompile Include="FOElement.cpp">
      <Filter>ソース ファイル</Filter>
    </ClCompile>
    <ClCompile Include="Gauss_Legendre.cpp">
      <Filter>ソース ファイル</Filter>
    </ClCompile>
    <ClCompile Include="Linear_equations.cpp">
      <Filter>ソース ファイル</Filter>
    </ClCompile>
    <ClCompile Include="Spline.cpp">
      <Filter>ソース ファイル</Filter>
    </ClCompile>
    <ClCompile Include="MakeRhoEn\MakeRhoEnergy.cpp">
      <Filter>ソース ファイル\MakeRhoEn</Filter>
    </ClCompile>
    <ClCompile Include="shoot\load2.cpp">
      <Filter>ソース ファイル\shoot</Filter>
    </ClCompile>
    <ClCompile Include="shoot\shootf.cpp">
      <Filter>ソース ファイル\shoot</Filter>
    </ClCompile>
    <ClCompile Include="shoot\shootfunc.cpp">
      <Filter>ソース ファイル\shoot</Filter>
    </ClCompile>
    <ClCompile Include="Thomas_FermiMain.cpp">
      <Filter>ソース ファイル</Filter>
    </ClCompile>
    <ClCompile Include="Iteration.cpp">
      <Filter>ソース ファイル</Filter>
    </ClCompile>
  </ItemGroup>
  <ItemGroup>
    <ClInclude Include="Beta.h">
      <Filter>ヘッダー ファイル</Filter>
    </ClInclude>
    <ClInclude Include="FEM.h">
      <Filter>ヘッダー ファイル</Filter>
    </ClInclude>
    <ClInclude Include="FOElement.h">
      <Filter>ヘッダー ファイル</Filter>
    </ClInclude>
    <ClInclude Include="Gauss_Legendre.h">
      <Filter>ヘッダー ファイル</Filter>
    </ClInclude>
    <ClInclude Include="Iteration.h">
      <Filter>ヘッダー ファイル</Filter>
    </ClInclude>
    <ClInclude Include="Linear_equations.h">
      <Filter>ヘッダー ファイル</Filter>
    </ClInclude>
    <ClInclude Include="mkl_allocator.h">
      <Filter>ヘッダー ファイル</Filter>
    </ClInclude>
    <ClInclude Include="Spline.h">
      <Filter>ヘッダー ファイル</Filter>
    </ClInclude>
    <ClInclude Include="MakeRhoEn\MakeRhoEnergy.h">
      <Filter>ヘッダー ファイル\MakeRhoEn</Filter>
    </ClInclude>
    <ClInclude Include="shoot\load2.h">
      <Filter>ヘッダー ファイル\shoot</Filter>
    </ClInclude>
    <ClInclude Include="shoot\shootf.h">
      <Filter>ヘッダー ファイル\shoot</Filter>
    </ClInclude>
    <ClInclude Include="shoot\shootfunc.h">
      <Filter>ヘッダー ファイル\shoot</Filter>
    </ClInclude>
  </ItemGroup>
</Project>